
Microsoft Visual Studio Solution File, Format Version 12.00
# Visual Studio Version 17
VisualStudioVersion = 17.12.35514.174 d17.12
MinimumVisualStudioVersion = 10.0.40219.1
Project("{FAE04EC0-301F-11D3-BF4B-00C04F79EFBC}") = "Class02", "Class02\Class02.csproj", "{96136A7C-40B9-421B-959B-7A8BCA14153F}"
EndProject
Global
	GlobalSection(SolutionConfigurationPlatforms) = preSolution
		Debug|Any CPU = Debug|Any CPU
		Release|Any CPU = Release|Any CPU
	EndGlobalSection
	GlobalSection(ProjectConfigurationPlatforms) = postSolution
		{96136A7C-40B9-421B-959B-7A8BCA14153F}.Debug|Any CPU.ActiveCfg = Debug|Any CPU
		{96136A7C-40B9-421B-959B-7A8BCA14153F}.Debug|Any CPU.Build.0 = Debug|Any CPU
		{96136A7C-40B9-421B-959B-7A8BCA14153F}.Release|Any CPU.ActiveCfg = Release|Any CPU
		{96136A7C-40B9-421B-959B-7A8BCA14153F}.Release|Any CPU.Build.0 = Release|Any CPU
	EndGlobalSection
	GlobalSection(SolutionProperties) = preSolution
		HideSolutionNode = FALSE
	EndGlobalSection
EndGlobal
